
Microsoft Visual Studio Solution File, Format Version 12.00
Project("{FAE04EC0-301F-11D3-BF4B-00C04F79EFBC}") = "LooksLikeIt.NET", "src\LooksLikeIt.NET.csproj", "{C7391BBE-57AB-4D97-B504-32739DF646AD}"
EndProject
Project("{FAE04EC0-301F-11D3-BF4B-00C04F79EFBC}") = "LooksLikeIt.NET.Tests", "test\LooksLikeIt.NET.Tests.csproj", "{0A5C860C-68AC-4E21-9333-71AC97FAEEA9}"
EndProject
Global
	GlobalSection(SolutionConfigurationPlatforms) = preSolution
		Debug|Any CPU = Debug|Any CPU
		Release|Any CPU = Release|Any CPU
	EndGlobalSection
	GlobalSection(ProjectConfigurationPlatforms) = postSolution
		{C7391BBE-57AB-4D97-B504-32739DF646AD}.Debug|Any CPU.ActiveCfg = Debug|Any CPU
		{C7391BBE-57AB-4D97-B504-32739DF646AD}.Debug|Any CPU.Build.0 = Debug|Any CPU
		{C7391BBE-57AB-4D97-B504-32739DF646AD}.Release|Any CPU.ActiveCfg = Release|Any CPU
		{C7391BBE-57AB-4D97-B504-32739DF646AD}.Release|Any CPU.Build.0 = Release|Any CPU
		{0A5C860C-68AC-4E21-9333-71AC97FAEEA9}.Debug|Any CPU.ActiveCfg = Debug|Any CPU
		{0A5C860C-68AC-4E21-9333-71AC97FAEEA9}.Debug|Any CPU.Build.0 = Debug|Any CPU
		{0A5C860C-68AC-4E21-9333-71AC97FAEEA9}.Release|Any CPU.ActiveCfg = Release|Any CPU
		{0A5C860C-68AC-4E21-9333-71AC97FAEEA9}.Release|Any CPU.Build.0 = Release|Any CPU
	EndGlobalSection
EndGlobal
